
Microsoft Visual Studio Solution File, Format Version 12.00
# Visual Studio Version 17
VisualStudioVersion = 17.3.32922.545
MinimumVisualStudioVersion = 10.0.40219.1
Project("{FAE04EC0-301F-11D3-BF4B-00C04F79EFBC}") = "TodoApi", "TodoApi\TodoApi.csproj", "{A006643E-5816-4E9B-870D-B418A6610837}"
EndProject
Global
	GlobalSection(SolutionConfigurationPlatforms) = preSolution
		Debug|Any CPU = Debug|Any CPU
		Release|Any CPU = Release|Any CPU
	EndGlobalSection
	GlobalSection(ProjectConfigurationPlatforms) = postSolution
		{A006643E-5816-4E9B-870D-B418A6610837}.Debug|Any CPU.ActiveCfg = Debug|Any CPU
		{A006643E-5816-4E9B-870D-B418A6610837}.Debug|Any CPU.Build.0 = Debug|Any CPU
		{A006643E-5816-4E9B-870D-B418A6610837}.Release|Any CPU.ActiveCfg = Release|Any CPU
		{A006643E-5816-4E9B-870D-B418A6610837}.Release|Any CPU.Build.0 = Release|Any CPU
	EndGlobalSection
	GlobalSection(SolutionProperties) = preSolution
		HideSolutionNode = FALSE
	EndGlobalSection
	GlobalSection(ExtensibilityGlobals) = postSolution
		SolutionGuid = {98A765EE-DFF6-44D8-9A4A-D7BC4D8B5620}
	EndGlobalSection
EndGlobal
